<?xml version="1.0" encoding="utf-8"?>
<Project ToolsVersion="4.0" xmlns="http://schemas.microsoft.com/developer/msbuild/2003">
  <ItemGroup>
    <Filter Include="リソース ファイル">
      <UniqueIdentifier>{67DA6AB6-F800-4c08-8B7A-83BB121AAD01}</UniqueIdentifier>
      <Extensions>rc;ico;cur;bmp;dlg;rc2;rct;bin;rgs;gif;jpg;jpeg;jpe;resx;tiff;tif;png;wav;mfcribbon-ms</Extensions>
    </Filter>
    <Filter Include="Map">
      <UniqueIdentifier>{ff4de6eb-8cd7-45e2-a7e7-6bd9e3c35748}</UniqueIdentifier>
    </Filter>
    <Filter Include="Map\ソースファイル">
      <UniqueIdentifier>{cb166ec9-0202-4714-86b5-dccd69e468a1}</UniqueIdentifier>
    </Filter>
    <Filter Include="Map\ヘッダーファイル">
      <UniqueIdentifier>{1fcf1a52-cf78-41f9-85e2-a91f9560ce0a}</UniqueIdentifier>
    </Filter>
    <Filter Include="アプリケーション">
      <UniqueIdentifier>{0b1678e9-0095-4462-9e13-3fc4c972c049}</UniqueIdentifier>
    </Filter>
    <Filter Include="アプリケーション\ソースファイル">
      <UniqueIdentifier>{dce166f4-fce9-48b8-beff-531317f408e7}</UniqueIdentifier>
    </Filter>
    <Filter Include="アプリケーション\ヘッダーファイル">
      <UniqueIdentifier>{3e9a2c4d-ce79-423c-bdd2-fe3f631d35ed}</UniqueIdentifier>
    </Filter>
    <Filter Include="GameObjct">
      <UniqueIdentifier>{0c376edb-fb5a-4dab-b0df-d2d05129fcee}</UniqueIdentifier>
    </Filter>
    <Filter Include="GameObjct\Bomb">
      <UniqueIdentifier>{8d2f9a36-7482-479a-addb-f683f071b6db}</UniqueIdentifier>
    </Filter>
    <Filter Include="GameObjct\Bomb\ヘッダーファイル">
      <UniqueIdentifier>{5592470e-4c11-45d2-8042-55ca8eda921c}</UniqueIdentifier>
    </Filter>
    <Filter Include="GameObjct\Bomb\ソースファイル">
      <UniqueIdentifier>{ad041bfd-765b-4e03-8446-a1c0ae4197c8}</UniqueIdentifier>
    </Filter>
    <Filter Include="GameObjct\Player">
      <UniqueIdentifier>{6ee14a3c-f9ac-4afd-8076-3515cf49bab0}</UniqueIdentifier>
    </Filter>
    <Filter Include="Effect">
      <UniqueIdentifier>{5e167748-70b5-467b-8e35-bc05ba95a223}</UniqueIdentifier>
    </Filter>
    <Filter Include="Effect\ソースファイル">
      <UniqueIdentifier>{a9a5ce1b-2331-42b2-adee-d730471003ab}</UniqueIdentifier>
    </Filter>
    <Filter Include="Effect\ヘッダーファイル">
      <UniqueIdentifier>{cc133d39-cf06-4a43-85b8-f626da645947}</UniqueIdentifier>
    </Filter>
    <Filter Include="GameObjct\Enemy">
      <UniqueIdentifier>{90a073dd-b65b-4d0a-a0f2-511c50c9dc08}</UniqueIdentifier>
    </Filter>
    <Filter Include="GameObjct\Enemy\Enemy1">
      <UniqueIdentifier>{da2f4227-5e19-4906-9c6f-a7818110cdac}</UniqueIdentifier>
    </Filter>
    <Filter Include="GameObjct\Enemy\Enemy1\ソースファイル">
      <UniqueIdentifier>{eecdc02a-866f-47f1-907e-501de57b55d4}</UniqueIdentifier>
    </Filter>
    <Filter Include="GameObjct\Enemy\Enemy1\ヘッダーファイル">
      <UniqueIdentifier>{8f296e0a-d967-4728-a947-f738a64291d4}</UniqueIdentifier>
    </Filter>
    <Filter Include="GameObjct\Enemy\Enemy2">
      <UniqueIdentifier>{2f54277d-4864-4fe3-99c2-79be21d15957}</UniqueIdentifier>
    </Filter>
    <Filter Include="GameObjct\Enemy\Enemy2\ソースファイル">
      <UniqueIdentifier>{df7ef126-2b9f-4ef7-aa4b-39870d1f46d1}</UniqueIdentifier>
    </Filter>
    <Filter Include="GameObjct\Enemy\Enemy2\ヘッダーファイル">
      <UniqueIdentifier>{2c70eb6c-0698-4896-b1ab-e4826863f154}</UniqueIdentifier>
    </Filter>
    <Filter Include="GameObjct\Enemy\Enemy0">
      <UniqueIdentifier>{bb24f7f9-f912-4fc7-a0ed-ad72d12ee853}</UniqueIdentifier>
    </Filter>
    <Filter Include="GameObjct\Fuse">
      <UniqueIdentifier>{e380f607-70e8-4535-aa87-6a997f323336}</UniqueIdentifier>
    </Filter>
    <Filter Include="ソース ファイル">
      <UniqueIdentifier>{4FC737F1-C7A5-4376-A066-2A32D752A2FF}</UniqueIdentifier>
      <Extensions>cpp;c;cc;cxx;def;odl;idl;hpj;bat;asm;asmx</Extensions>
    </Filter>
    <Filter Include="ヘッダー ファイル">
      <UniqueIdentifier>{93995380-89BD-4b04-88EB-625FBE52EBFB}</UniqueIdentifier>
      <Extensions>h;hh;hpp;hxx;hm;inl;inc;ipp;xsd</Extensions>
    </Filter>
  </ItemGroup>
  <ItemGroup>
    <ClCompile Include="Map.cpp">
      <Filter>Map\ソースファイル</Filter>
    </ClCompile>
    <ClCompile Include="MapColl.cpp">
      <Filter>Map\ソースファイル</Filter>
    </ClCompile>
    <ClCompile Include="Collision.cpp">
      <Filter>アプリケーション\ソースファイル</Filter>
    </ClCompile>
    <ClCompile Include="Controller.cpp">
      <Filter>アプリケーション\ソースファイル</Filter>
    </ClCompile>
    <ClCompile Include="Draw.cpp">
      <Filter>アプリケーション\ソースファイル</Filter>
    </ClCompile>
    <ClCompile Include="Game.cpp">
      <Filter>アプリケーション\ソースファイル</Filter>
    </ClCompile>
    <ClCompile Include="GameInclude.cpp">
      <Filter>アプリケーション\ソースファイル</Filter>
    </ClCompile>
    <ClCompile Include="Key.cpp">
      <Filter>アプリケーション\ソースファイル</Filter>
    </ClCompile>
    <ClCompile Include="Load.cpp">
      <Filter>アプリケーション\ソースファイル</Filter>
    </ClCompile>
    <ClCompile Include="Mouse.cpp">
      <Filter>アプリケーション\ソースファイル</Filter>
    </ClCompile>
    <ClCompile Include="Parent.cpp">
      <Filter>アプリケーション\ソースファイル</Filter>
    </ClCompile>
    <ClCompile Include="Structure.cpp">
      <Filter>アプリケーション\ソースファイル</Filter>
    </ClCompile>
    <ClCompile Include="Vector.cpp">
      <Filter>アプリケーション\ソースファイル</Filter>
    </ClCompile>
    <ClCompile Include="Bomb.cpp">
      <Filter>GameObjct\Bomb\ソースファイル</Filter>
    </ClCompile>
    <ClCompile Include="BombMana.cpp">
      <Filter>GameObjct\Bomb\ソースファイル</Filter>
    </ClCompile>
    <ClCompile Include="Player.cpp">
      <Filter>GameObjct\Player</Filter>
    </ClCompile>
    <ClCompile Include="Explosion.cpp">
      <Filter>Effect\ソースファイル</Filter>
    </ClCompile>
    <ClCompile Include="ExplosionMana.cpp">
      <Filter>Effect\ソースファイル</Filter>
    </ClCompile>
    <ClCompile Include="Enemy1.cpp">
      <Filter>GameObjct\Enemy\Enemy1\ソースファイル</Filter>
    </ClCompile>
    <ClCompile Include="Enemy1Mana.cpp">
      <Filter>GameObjct\Enemy\Enemy1\ソースファイル</Filter>
    </ClCompile>
    <ClCompile Include="Enemy.cpp">
      <Filter>GameObjct\Enemy\Enemy0</Filter>
    </ClCompile>
    <ClCompile Include="main.cpp">
      <Filter>アプリケーション\ソースファイル</Filter>
    </ClCompile>
    <ClCompile Include="Enemy2.cpp">
      <Filter>GameObjct\Enemy\Enemy2\ソースファイル</Filter>
    </ClCompile>
    <ClCompile Include="UI.cpp">
      <Filter>ソース ファイル</Filter>
    </ClCompile>
    <ClCompile Include="Fuse.cpp">
      <Filter>GameObjct\Fuse</Filter>
    </ClCompile>
    <ClCompile Include="Save.cpp">
      <Filter>ソース ファイル</Filter>
    </ClCompile>
  </ItemGroup>
  <ItemGroup>
    <ClInclude Include="Map.h">
      <Filter>Map\ヘッダーファイル</Filter>
    </ClInclude>
    <ClInclude Include="MapColl.h">
      <Filter>Map\ヘッダーファイル</Filter>
    </ClInclude>
    <ClInclude Include="Collision.h">
      <Filter>アプリケーション\ヘッダーファイル</Filter>
    </ClInclude>
    <ClInclude Include="Controller.h">
      <Filter>アプリケーション\ヘッダーファイル</Filter>
    </ClInclude>
    <ClInclude Include="Draw.h">
      <Filter>アプリケーション\ヘッダーファイル</Filter>
    </ClInclude>
    <ClInclude Include="Game.h">
      <Filter>アプリケーション\ヘッダーファイル</Filter>
    </ClInclude>
    <ClInclude Include="GameInclude.h">
      <Filter>アプリケーション\ヘッダーファイル</Filter>
    </ClInclude>
    <ClInclude Include="Key.h">
      <Filter>アプリケーション\ヘッダーファイル</Filter>
    </ClInclude>
    <ClInclude Include="Load.h">
      <Filter>アプリケーション\ヘッダーファイル</Filter>
    </ClInclude>
    <ClInclude Include="Mouse.h">
      <Filter>アプリケーション\ヘッダーファイル</Filter>
    </ClInclude>
    <ClInclude Include="Parent.h">
      <Filter>アプリケーション\ヘッダーファイル</Filter>
    </ClInclude>
    <ClInclude Include="Structure.h">
      <Filter>アプリケーション\ヘッダーファイル</Filter>
    </ClInclude>
    <ClInclude Include="Vector.h">
      <Filter>アプリケーション\ヘッダーファイル</Filter>
    </ClInclude>
    <ClInclude Include="Bomb.h">
      <Filter>GameObjct\Bomb\ヘッダーファイル</Filter>
    </ClInclude>
    <ClInclude Include="BombMana.h">
      <Filter>GameObjct\Bomb\ヘッダーファイル</Filter>
    </ClInclude>
    <ClInclude Include="Player.h">
      <Filter>GameObjct\Player</Filter>
    </ClInclude>
    <ClInclude Include="Explosion.h">
      <Filter>Effect\ヘッダーファイル</Filter>
    </ClInclude>
    <ClInclude Include="ExplosionMana.h">
      <Filter>Effect\ヘッダーファイル</Filter>
    </ClInclude>
    <ClInclude Include="Enemy1.h">
      <Filter>GameObjct\Enemy\Enemy1\ヘッダーファイル</Filter>
    </ClInclude>
    <ClInclude Include="Enemy1Mana.h">
      <Filter>GameObjct\Enemy\Enemy1\ヘッダーファイル</Filter>
    </ClInclude>
    <ClInclude Include="Enemy.h">
      <Filter>GameObjct\Enemy\Enemy0</Filter>
    </ClInclude>
    <ClInclude Include="Enemy2.h">
      <Filter>GameObjct\Enemy\Enemy2\ヘッダーファイル</Filter>
    </ClInclude>
    <ClInclude Include="UI.h">
      <Filter>ヘッダー ファイル</Filter>
    </ClInclude>
    <ClInclude Include="Fuse.h">
      <Filter>GameObjct\Fuse</Filter>
    </ClInclude>
    <ClInclude Include="Save.h">
      <Filter>ヘッダー ファイル</Filter>
    </ClInclude>
  </ItemGroup>
</Project>